
Microsoft Visual Studio Solution File, Format Version 12.00
# Visual Studio Version 16
VisualStudioVersion = 16.0.30114.105
MinimumVisualStudioVersion = 10.0.40219.1
Project("{FAE04EC0-301F-11D3-BF4B-00C04F79EFBC}") = "projeto-comissao", "projeto-comissao.csproj", "{2D602981-CCD0-4C87-AC53-42C3F7B4CA04}"
EndProject
Global
	GlobalSection(SolutionConfigurationPlatforms) = preSolution
		Debug|Any CPU = Debug|Any CPU
		Release|Any CPU = Release|Any CPU
	EndGlobalSection
	GlobalSection(ProjectConfigurationPlatforms) = postSolution
		{2D602981-CCD0-4C87-AC53-42C3F7B4CA04}.Debug|Any CPU.ActiveCfg = Debug|Any CPU
		{2D602981-CCD0-4C87-AC53-42C3F7B4CA04}.Debug|Any CPU.Build.0 = Debug|Any CPU
		{2D602981-CCD0-4C87-AC53-42C3F7B4CA04}.Release|Any CPU.ActiveCfg = Release|Any CPU
		{2D602981-CCD0-4C87-AC53-42C3F7B4CA04}.Release|Any CPU.Build.0 = Release|Any CPU
	EndGlobalSection
	GlobalSection(SolutionProperties) = preSolution
		HideSolutionNode = FALSE
	EndGlobalSection
	GlobalSection(ExtensibilityGlobals) = postSolution
		SolutionGuid = {845B2BD9-C13C-4ACC-9BB9-167B66AE5BD0}
	EndGlobalSection
EndGlobal
